
Microsoft Visual Studio Solution File, Format Version 12.00
# Visual Studio 2013
VisualStudioVersion = 12.0.40629.0
MinimumVisualStudioVersion = 10.0.40219.1
Project("{2150E333-8FDC-42A3-9474-1A3956D46DE8}") = "Source", "Source", "{EA5D0F48-0800-4C86-B327-0BA6873A3C2C}"
EndProject
Project("{2150E333-8FDC-42A3-9474-1A3956D46DE8}") = "SolutionItems", "SolutionItems", "{93A33597-9E1B-4B61-95F2-37C7179F3CCA}"
EndProject
Project("{2150E333-8FDC-42A3-9474-1A3956D46DE8}") = "Documents", "Documents", "{05255995-039F-4C7C-B752-E31BF91455D6}"
EndProject
Project("{2150E333-8FDC-42A3-9474-1A3956D46DE8}") = "Tests", "Tests", "{4AF8F5FF-6E4E-4FD4-A2FD-9BD0B39C12EF}"
EndProject
Project("{FAE04EC0-301F-11D3-BF4B-00C04F79EFBC}") = "ReliableUdp.ImageAcquisition", "Source\ImageAcquisition\ReliableUdp.ImageAcquisition.csproj", "{FE96C494-15E1-4607-AEB1-5A3CE9A4C14D}"
EndProject
Project("{2150E333-8FDC-42A3-9474-1A3956D46DE8}") = "ExternalLibs", "ExternalLibs", "{9B360B14-A73A-463B-81D8-E33F7EA09A8C}"
EndProject
Project("{2150E333-8FDC-42A3-9474-1A3956D46DE8}") = "AForge.NET", "AForge.NET", "{4E9C6B65-CEEC-476D-B53F-19AEDB976616}"
	ProjectSection(SolutionItems) = preProject
		Source\ExternalLibs\AForge.NET\AForge.Controls.dll = Source\ExternalLibs\AForge.NET\AForge.Controls.dll
		Source\ExternalLibs\AForge.NET\AForge.Controls.xml = Source\ExternalLibs\AForge.NET\AForge.Controls.xml
		Source\ExternalLibs\AForge.NET\AForge.DebuggerVisualizers (2010).dll = Source\ExternalLibs\AForge.NET\AForge.DebuggerVisualizers (2010).dll
		Source\ExternalLibs\AForge.NET\AForge.dll = Source\ExternalLibs\AForge.NET\AForge.dll
		Source\ExternalLibs\AForge.NET\AForge.Fuzzy.dll = Source\ExternalLibs\AForge.NET\AForge.Fuzzy.dll
		Source\ExternalLibs\AForge.NET\AForge.Fuzzy.xml = Source\ExternalLibs\AForge.NET\AForge.Fuzzy.xml
		Source\ExternalLibs\AForge.NET\AForge.Genetic.dll = Source\ExternalLibs\AForge.NET\AForge.Genetic.dll
		Source\ExternalLibs\AForge.NET\AForge.Genetic.xml = Source\ExternalLibs\AForge.NET\AForge.Genetic.xml
		Source\ExternalLibs\AForge.NET\AForge.Imaging.dll = Source\ExternalLibs\AForge.NET\AForge.Imaging.dll
		Source\ExternalLibs\AForge.NET\AForge.Imaging.Formats.dll = Source\ExternalLibs\AForge.NET\AForge.Imaging.Formats.dll
		Source\ExternalLibs\AForge.NET\AForge.Imaging.Formats.xml = Source\ExternalLibs\AForge.NET\AForge.Imaging.Formats.xml
		Source\ExternalLibs\AForge.NET\AForge.Imaging.IPPrototyper.dll = Source\ExternalLibs\AForge.NET\AForge.Imaging.IPPrototyper.dll
		Source\ExternalLibs\AForge.NET\AForge.Imaging.xml = Source\ExternalLibs\AForge.NET\AForge.Imaging.xml
		Source\ExternalLibs\AForge.NET\AForge.MachineLearning.dll = Source\ExternalLibs\AForge.NET\AForge.MachineLearning.dll
		Source\ExternalLibs\AForge.NET\AForge.MachineLearning.xml = Source\ExternalLibs\AForge.NET\AForge.MachineLearning.xml
		Source\ExternalLibs\AForge.NET\AForge.Math.dll = Source\ExternalLibs\AForge.NET\AForge.Math.dll
		Source\ExternalLibs\AForge.NET\AForge.Math.xml = Source\ExternalLibs\AForge.NET\AForge.Math.xml
		Source\ExternalLibs\AForge.NET\AForge.Neuro.dll = Source\ExternalLibs\AForge.NET\AForge.Neuro.dll
		Source\ExternalLibs\AForge.NET\AForge.Neuro.xml = Source\ExternalLibs\AForge.NET\AForge.Neuro.xml
		Source\ExternalLibs\AForge.NET\AForge.Robotics.Lego.dll = Source\ExternalLibs\AForge.NET\AForge.Robotics.Lego.dll
		Source\ExternalLibs\AForge.NET\AForge.Robotics.Lego.xml = Source\ExternalLibs\AForge.NET\AForge.Robotics.Lego.xml
		Source\ExternalLibs\AForge.NET\AForge.Robotics.Surveyor.dll = Source\ExternalLibs\AForge.NET\AForge.Robotics.Surveyor.dll
		Source\ExternalLibs\AForge.NET\AForge.Robotics.Surveyor.xml = Source\ExternalLibs\AForge.NET\AForge.Robotics.Surveyor.xml
		Source\ExternalLibs\AForge.NET\AForge.Robotics.TeRK.dll = Source\ExternalLibs\AForge.NET\AForge.Robotics.TeRK.dll
		Source\ExternalLibs\AForge.NET\AForge.Robotics.TeRK.xml = Source\ExternalLibs\AForge.NET\AForge.Robotics.TeRK.xml
		Source\ExternalLibs\AForge.NET\AForge.Video.DirectShow.dll = Source\ExternalLibs\AForge.NET\AForge.Video.DirectShow.dll
		Source\ExternalLibs\AForge.NET\AForge.Video.DirectShow.pdb = Source\ExternalLibs\AForge.NET\AForge.Video.DirectShow.pdb
		Source\ExternalLibs\AForge.NET\AForge.Video.DirectShow.xml = Source\ExternalLibs\AForge.NET\AForge.Video.DirectShow.xml
		Source\ExternalLibs\AForge.NET\AForge.Video.dll = Source\ExternalLibs\AForge.NET\AForge.Video.dll
		Source\ExternalLibs\AForge.NET\AForge.Video.FFMPEG.dll = Source\ExternalLibs\AForge.NET\AForge.Video.FFMPEG.dll
		Source\ExternalLibs\AForge.NET\AForge.Video.FFMPEG.xml = Source\ExternalLibs\AForge.NET\AForge.Video.FFMPEG.xml
		Source\ExternalLibs\AForge.NET\AForge.Video.Kinect.dll = Source\ExternalLibs\AForge.NET\AForge.Video.Kinect.dll
		Source\ExternalLibs\AForge.NET\AForge.Video.Kinect.xml = Source\ExternalLibs\AForge.NET\AForge.Video.Kinect.xml
		Source\ExternalLibs\AForge.NET\AForge.Video.VFW.dll = Source\ExternalLibs\AForge.NET\AForge.Video.VFW.dll
		Source\ExternalLibs\AForge.NET\AForge.Video.VFW.xml = Source\ExternalLibs\AForge.NET\AForge.Video.VFW.xml
		Source\ExternalLibs\AForge.NET\AForge.Video.Ximea.dll = Source\ExternalLibs\AForge.NET\AForge.Video.Ximea.dll
		Source\ExternalLibs\AForge.NET\AForge.Video.Ximea.xml = Source\ExternalLibs\AForge.NET\AForge.Video.Ximea.xml
		Source\ExternalLibs\AForge.NET\AForge.Video.xml = Source\ExternalLibs\AForge.NET\AForge.Video.xml
		Source\ExternalLibs\AForge.NET\AForge.Vision.dll = Source\ExternalLibs\AForge.NET\AForge.Vision.dll
		Source\ExternalLibs\AForge.NET\AForge.Vision.xml = Source\ExternalLibs\AForge.NET\AForge.Vision.xml
		Source\ExternalLibs\AForge.NET\AForge.xml = Source\ExternalLibs\AForge.NET\AForge.xml
		Source\ExternalLibs\AForge.NET\IPPrototyper.exe = Source\ExternalLibs\AForge.NET\IPPrototyper.exe
	EndProjectSection
EndProject
Project("{FAE04EC0-301F-11D3-BF4B-00C04F79EFBC}") = "ReliableUdp.Common", "Source\ReliableUdp.Common\ReliableUdp.Common.csproj", "{894382F7-F655-457F-997E-056244B9EADD}"
EndProject
Project("{FAE04EC0-301F-11D3-BF4B-00C04F79EFBC}") = "ReliableUdp.Connection", "Source\ReliableUdp.Connection\ReliableUdp.Connection.csproj", "{6CD35413-D4E5-4D5F-8C33-590639A00AA2}"
EndProject
Project("{FAE04EC0-301F-11D3-BF4B-00C04F79EFBC}") = "ReliableUdp.Tests", "Tests\ReliableUdp.Tests\ReliableUdp.Tests.csproj", "{BBD511AD-40DD-4357-BA5C-C7D9826650D6}"
EndProject
Project("{FAE04EC0-301F-11D3-BF4B-00C04F79EFBC}") = "ReliableUdp.Transmission", "Source\ReliableUdp.Transmission.Controller\ReliableUdp.Transmission.csproj", "{F7A6F1E7-EA90-4BD1-8F75-E851E44B60A4}"
EndProject
Project("{FAE04EC0-301F-11D3-BF4B-00C04F79EFBC}") = "ReliableUdp.Console", "Tests\ReliableUdp.Console\ReliableUdp.Console.csproj", "{CAE121C6-AF90-4477-842E-4DAE2C0B3CA4}"
EndProject
Project("{FAE04EC0-301F-11D3-BF4B-00C04F79EFBC}") = "ReliableUdp.Utilities", "Source\ReliableUdp.Utilities\ReliableUdp.Utilities.csproj", "{65A40DE0-54B6-45DC-B225-8C5A5E313A04}"
EndProject
Project("{2150E333-8FDC-42A3-9474-1A3956D46DE8}") = "Application", "Application", "{EFC71D6C-1548-4258-A567-C5647AB9EAF8}"
EndProject
Project("{FAE04EC0-301F-11D3-BF4B-00C04F79EFBC}") = "ReliableUdp.Server", "Source\Application\ReliableUdp.Server\ReliableUdp.Server.csproj", "{23BA37C5-33DA-44B7-B693-9483C0BB971A}"
EndProject
Project("{FAE04EC0-301F-11D3-BF4B-00C04F79EFBC}") = "ReliableUdp.Client", "Source\Application\ReliableUdp.Client\ReliableUdp.Client.csproj", "{E16709F2-E458-4E04-A6A2-DF4296FF0505}"
EndProject
Project("{FAE04EC0-301F-11D3-BF4B-00C04F79EFBC}") = "ReliableUdp.ClientWinForm", "Source\Application\ReliableUdp.ClientWinForm\ReliableUdp.ClientWinForm.csproj", "{ABDF2D38-FCAD-4C9C-AB92-C79FB6E634EB}"
EndProject
Global
	GlobalSection(SolutionConfigurationPlatforms) = preSolution
		Debug|Any CPU = Debug|Any CPU
		Release|Any CPU = Release|Any CPU
	EndGlobalSection
	GlobalSection(ProjectConfigurationPlatforms) = postSolution
		{FE96C494-15E1-4607-AEB1-5A3CE9A4C14D}.Debug|Any CPU.ActiveCfg = Debug|Any CPU
		{FE96C494-15E1-4607-AEB1-5A3CE9A4C14D}.Debug|Any CPU.Build.0 = Debug|Any CPU
		{FE96C494-15E1-4607-AEB1-5A3CE9A4C14D}.Release|Any CPU.ActiveCfg = Release|Any CPU
		{FE96C494-15E1-4607-AEB1-5A3CE9A4C14D}.Release|Any CPU.Build.0 = Release|Any CPU
		{894382F7-F655-457F-997E-056244B9EADD}.Debug|Any CPU.ActiveCfg = Debug|Any CPU
		{894382F7-F655-457F-997E-056244B9EADD}.Debug|Any CPU.Build.0 = Debug|Any CPU
		{894382F7-F655-457F-997E-056244B9EADD}.Release|Any CPU.ActiveCfg = Release|Any CPU
		{894382F7-F655-457F-997E-056244B9EADD}.Release|Any CPU.Build.0 = Release|Any CPU
		{6CD35413-D4E5-4D5F-8C33-590639A00AA2}.Debug|Any CPU.ActiveCfg = Debug|Any CPU
		{6CD35413-D4E5-4D5F-8C33-590639A00AA2}.Debug|Any CPU.Build.0 = Debug|Any CPU
		{6CD35413-D4E5-4D5F-8C33-590639A00AA2}.Release|Any CPU.ActiveCfg = Release|Any CPU
		{6CD35413-D4E5-4D5F-8C33-590639A00AA2}.Release|Any CPU.Build.0 = Release|Any CPU
		{BBD511AD-40DD-4357-BA5C-C7D9826650D6}.Debug|Any CPU.ActiveCfg = Debug|Any CPU
		{BBD511AD-40DD-4357-BA5C-C7D9826650D6}.Debug|Any CPU.Build.0 = Debug|Any CPU
		{BBD511AD-40DD-4357-BA5C-C7D9826650D6}.Release|Any CPU.ActiveCfg = Release|Any CPU
		{BBD511AD-40DD-4357-BA5C-C7D9826650D6}.Release|Any CPU.Build.0 = Release|Any CPU
		{F7A6F1E7-EA90-4BD1-8F75-E851E44B60A4}.Debug|Any CPU.ActiveCfg = Debug|Any CPU
		{F7A6F1E7-EA90-4BD1-8F75-E851E44B60A4}.Debug|Any CPU.Build.0 = Debug|Any CPU
		{F7A6F1E7-EA90-4BD1-8F75-E851E44B60A4}.Release|Any CPU.ActiveCfg = Release|Any CPU
		{F7A6F1E7-EA90-4BD1-8F75-E851E44B60A4}.Release|Any CPU.Build.0 = Release|Any CPU
		{CAE121C6-AF90-4477-842E-4DAE2C0B3CA4}.Debug|Any CPU.ActiveCfg = Debug|Any CPU
		{CAE121C6-AF90-4477-842E-4DAE2C0B3CA4}.Debug|Any CPU.Build.0 = Debug|Any CPU
		{CAE121C6-AF90-4477-842E-4DAE2C0B3CA4}.Release|Any CPU.ActiveCfg = Release|Any CPU
		{CAE121C6-AF90-4477-842E-4DAE2C0B3CA4}.Release|Any CPU.Build.0 = Release|Any CPU
		{65A40DE0-54B6-45DC-B225-8C5A5E313A04}.Debug|Any CPU.ActiveCfg = Debug|Any CPU
		{65A40DE0-54B6-45DC-B225-8C5A5E313A04}.Debug|Any CPU.Build.0 = Debug|Any CPU
		{65A40DE0-54B6-45DC-B225-8C5A5E313A04}.Release|Any CPU.ActiveCfg = Release|Any CPU
		{65A40DE0-54B6-45DC-B225-8C5A5E313A04}.Release|Any CPU.Build.0 = Release|Any CPU
		{23BA37C5-33DA-44B7-B693-9483C0BB971A}.Debug|Any CPU.ActiveCfg = Debug|Any CPU
		{23BA37C5-33DA-44B7-B693-9483C0BB971A}.Debug|Any CPU.Build.0 = Debug|Any CPU
		{23BA37C5-33DA-44B7-B693-9483C0BB971A}.Release|Any CPU.ActiveCfg = Release|Any CPU
		{23BA37C5-33DA-44B7-B693-9483C0BB971A}.Release|Any CPU.Build.0 = Release|Any CPU
		{E16709F2-E458-4E04-A6A2-DF4296FF0505}.Debug|Any CPU.ActiveCfg = Debug|Any CPU
		{E16709F2-E458-4E04-A6A2-DF4296FF0505}.Debug|Any CPU.Build.0 = Debug|Any CPU
		{E16709F2-E458-4E04-A6A2-DF4296FF0505}.Release|Any CPU.ActiveCfg = Release|Any CPU
		{E16709F2-E458-4E04-A6A2-DF4296FF0505}.Release|Any CPU.Build.0 = Release|Any CPU
		{ABDF2D38-FCAD-4C9C-AB92-C79FB6E634EB}.Debug|Any CPU.ActiveCfg = Debug|Any CPU
		{ABDF2D38-FCAD-4C9C-AB92-C79FB6E634EB}.Debug|Any CPU.Build.0 = Debug|Any CPU
		{ABDF2D38-FCAD-4C9C-AB92-C79FB6E634EB}.Release|Any CPU.ActiveCfg = Release|Any CPU
		{ABDF2D38-FCAD-4C9C-AB92-C79FB6E634EB}.Release|Any CPU.Build.0 = Release|Any CPU
	EndGlobalSection
	GlobalSection(SolutionProperties) = preSolution
		HideSolutionNode = FALSE
	EndGlobalSection
	GlobalSection(NestedProjects) = preSolution
		{FE96C494-15E1-4607-AEB1-5A3CE9A4C14D} = {EA5D0F48-0800-4C86-B327-0BA6873A3C2C}
		{9B360B14-A73A-463B-81D8-E33F7EA09A8C} = {EA5D0F48-0800-4C86-B327-0BA6873A3C2C}
		{4E9C6B65-CEEC-476D-B53F-19AEDB976616} = {9B360B14-A73A-463B-81D8-E33F7EA09A8C}
		{894382F7-F655-457F-997E-056244B9EADD} = {EA5D0F48-0800-4C86-B327-0BA6873A3C2C}
		{6CD35413-D4E5-4D5F-8C33-590639A00AA2} = {EA5D0F48-0800-4C86-B327-0BA6873A3C2C}
		{BBD511AD-40DD-4357-BA5C-C7D9826650D6} = {4AF8F5FF-6E4E-4FD4-A2FD-9BD0B39C12EF}
		{F7A6F1E7-EA90-4BD1-8F75-E851E44B60A4} = {EA5D0F48-0800-4C86-B327-0BA6873A3C2C}
		{CAE121C6-AF90-4477-842E-4DAE2C0B3CA4} = {4AF8F5FF-6E4E-4FD4-A2FD-9BD0B39C12EF}
		{65A40DE0-54B6-45DC-B225-8C5A5E313A04} = {EA5D0F48-0800-4C86-B327-0BA6873A3C2C}
		{EFC71D6C-1548-4258-A567-C5647AB9EAF8} = {EA5D0F48-0800-4C86-B327-0BA6873A3C2C}
		{23BA37C5-33DA-44B7-B693-9483C0BB971A} = {EFC71D6C-1548-4258-A567-C5647AB9EAF8}
		{E16709F2-E458-4E04-A6A2-DF4296FF0505} = {EFC71D6C-1548-4258-A567-C5647AB9EAF8}
		{ABDF2D38-FCAD-4C9C-AB92-C79FB6E634EB} = {EFC71D6C-1548-4258-A567-C5647AB9EAF8}
	EndGlobalSection
EndGlobal
